
Microsoft Visual Studio Solution File, Format Version 12.00
# Visual Studio Version 16
VisualStudioVersion = 16.0.32228.343
MinimumVisualStudioVersion = 10.0.40219.1
Project("{FAE04EC0-301F-11D3-BF4B-00C04F79EFBC}") = "POneToDoList", "P1ToDoList\POneToDoList.csproj", "{F27DA8AF-283F-4020-8468-EFD7A2C6B97A}"
EndProject
Global
	GlobalSection(SolutionConfigurationPlatforms) = preSolution
		Debug|Any CPU = Debug|Any CPU
		Release|Any CPU = Release|Any CPU
	EndGlobalSection
	GlobalSection(ProjectConfigurationPlatforms) = postSolution
		{F27DA8AF-283F-4020-8468-EFD7A2C6B97A}.Debug|Any CPU.ActiveCfg = Debug|Any CPU
		{F27DA8AF-283F-4020-8468-EFD7A2C6B97A}.Debug|Any CPU.Build.0 = Debug|Any CPU
		{F27DA8AF-283F-4020-8468-EFD7A2C6B97A}.Release|Any CPU.ActiveCfg = Release|Any CPU
		{F27DA8AF-283F-4020-8468-EFD7A2C6B97A}.Release|Any CPU.Build.0 = Release|Any CPU
	EndGlobalSection
	GlobalSection(SolutionProperties) = preSolution
		HideSolutionNode = FALSE
	EndGlobalSection
	GlobalSection(ExtensibilityGlobals) = postSolution
		SolutionGuid = {9BE8A54A-5173-46C4-9027-DBDF11B8DDC9}
	EndGlobalSection
EndGlobal
